
Microsoft Visual Studio Solution File, Format Version 12.00
# Visual Studio Version 17
VisualStudioVersion = 17.3.32929.385
MinimumVisualStudioVersion = 10.0.40219.1
Project("{9A19103F-16F7-4668-BE54-9A1E7A4F7556}") = "Business", "Business\Business.csproj", "{0372A0BF-8EBF-485C-B22A-C2DF717FF21D}"
EndProject
Project("{9A19103F-16F7-4668-BE54-9A1E7A4F7556}") = "ConsoleUI", "ConsoleUI\ConsoleUI.csproj", "{6B6B847D-D0F2-4CBC-B859-FFD3A0C8FA8F}"
EndProject
Project("{9A19103F-16F7-4668-BE54-9A1E7A4F7556}") = "DataAccess", "DataAccess\DataAccess.csproj", "{35444C9E-5AC9-4E4B-A442-6BB90ACEB932}"
EndProject
Project("{9A19103F-16F7-4668-BE54-9A1E7A4F7556}") = "Entities", "Entities\Entities.csproj", "{5BF7A59E-492C-4C0B-8465-D0229AEDAA39}"
EndProject
Project("{9A19103F-16F7-4668-BE54-9A1E7A4F7556}") = "Core", "Core\Core.csproj", "{B334E545-3BA0-4F36-A4FD-5DB1E5B3AA2D}"
EndProject
Project("{2150E333-8FDC-42A3-9474-1A3956D46DE8}") = "Solution Items", "Solution Items", "{30DCC2CD-08BB-40C3-9DEE-7E81F111FD68}"
	ProjectSection(SolutionItems) = preProject
		ToDo.txt = ToDo.txt
	EndProjectSection
EndProject
Project("{FAE04EC0-301F-11D3-BF4B-00C04F79EFBC}") = "WebAPI", "WebAPI\WebAPI.csproj", "{20D90B3B-3821-47DA-9FE0-AC9A682F586F}"
EndProject
Global
	GlobalSection(SolutionConfigurationPlatforms) = preSolution
		Debug|Any CPU = Debug|Any CPU
		Release|Any CPU = Release|Any CPU
	EndGlobalSection
	GlobalSection(ProjectConfigurationPlatforms) = postSolution
		{0372A0BF-8EBF-485C-B22A-C2DF717FF21D}.Debug|Any CPU.ActiveCfg = Debug|Any CPU
		{0372A0BF-8EBF-485C-B22A-C2DF717FF21D}.Debug|Any CPU.Build.0 = Debug|Any CPU
		{0372A0BF-8EBF-485C-B22A-C2DF717FF21D}.Release|Any CPU.ActiveCfg = Release|Any CPU
		{0372A0BF-8EBF-485C-B22A-C2DF717FF21D}.Release|Any CPU.Build.0 = Release|Any CPU
		{6B6B847D-D0F2-4CBC-B859-FFD3A0C8FA8F}.Debug|Any CPU.ActiveCfg = Debug|Any CPU
		{6B6B847D-D0F2-4CBC-B859-FFD3A0C8FA8F}.Debug|Any CPU.Build.0 = Debug|Any CPU
		{6B6B847D-D0F2-4CBC-B859-FFD3A0C8FA8F}.Release|Any CPU.ActiveCfg = Release|Any CPU
		{6B6B847D-D0F2-4CBC-B859-FFD3A0C8FA8F}.Release|Any CPU.Build.0 = Release|Any CPU
		{35444C9E-5AC9-4E4B-A442-6BB90ACEB932}.Debug|Any CPU.ActiveCfg = Debug|Any CPU
		{35444C9E-5AC9-4E4B-A442-6BB90ACEB932}.Debug|Any CPU.Build.0 = Debug|Any CPU
		{35444C9E-5AC9-4E4B-A442-6BB90ACEB932}.Release|Any CPU.ActiveCfg = Release|Any CPU
		{35444C9E-5AC9-4E4B-A442-6BB90ACEB932}.Release|Any CPU.Build.0 = Release|Any CPU
		{5BF7A59E-492C-4C0B-8465-D0229AEDAA39}.Debug|Any CPU.ActiveCfg = Debug|Any CPU
		{5BF7A59E-492C-4C0B-8465-D0229AEDAA39}.Debug|Any CPU.Build.0 = Debug|Any CPU
		{5BF7A59E-492C-4C0B-8465-D0229AEDAA39}.Release|Any CPU.ActiveCfg = Release|Any CPU
		{5BF7A59E-492C-4C0B-8465-D0229AEDAA39}.Release|Any CPU.Build.0 = Release|Any CPU
		{B334E545-3BA0-4F36-A4FD-5DB1E5B3AA2D}.Debug|Any CPU.ActiveCfg = Debug|Any CPU
		{B334E545-3BA0-4F36-A4FD-5DB1E5B3AA2D}.Debug|Any CPU.Build.0 = Debug|Any CPU
		{B334E545-3BA0-4F36-A4FD-5DB1E5B3AA2D}.Release|Any CPU.ActiveCfg = Release|Any CPU
		{B334E545-3BA0-4F36-A4FD-5DB1E5B3AA2D}.Release|Any CPU.Build.0 = Release|Any CPU
		{20D90B3B-3821-47DA-9FE0-AC9A682F586F}.Debug|Any CPU.ActiveCfg = Debug|Any CPU
		{20D90B3B-3821-47DA-9FE0-AC9A682F586F}.Debug|Any CPU.Build.0 = Debug|Any CPU
		{20D90B3B-3821-47DA-9FE0-AC9A682F586F}.Release|Any CPU.ActiveCfg = Release|Any CPU
		{20D90B3B-3821-47DA-9FE0-AC9A682F586F}.Release|Any CPU.Build.0 = Release|Any CPU
	EndGlobalSection
	GlobalSection(SolutionProperties) = preSolution
		HideSolutionNode = FALSE
	EndGlobalSection
	GlobalSection(ExtensibilityGlobals) = postSolution
		SolutionGuid = {6E3DAB09-EEBB-4F7B-AB74-A2D1E15C997E}
	EndGlobalSection
EndGlobal
